// !$*UTF8*$!
{
	archiveVersion = 1;
	classes = {
	};
	objectVersion = 46;
	objects = {

/* Begin PBXBuildFile section */
		18FDC7011E570509004688A8 /* main.m in Sources */ = {isa = PBXBuildFile; fileRef = 18FDC7001E570509004688A8 /* main.m */; };
		18FDC7041E570509004688A8 /* AppDelegate.m in Sources */ = {isa = PBXBuildFile; fileRef = 18FDC7031E570509004688A8 /* AppDelegate.m */; };
		18FDC7071E570509004688A8 /* ViewController.mm in Sources */ = {isa = PBXBuildFile; fileRef = 18FDC7061E570509004688A8 /* ViewController.mm */; };
		18FDC70C1E570509004688A8 /* Assets.xcassets in Resources */ = {isa = PBXBuildFile; fileRef = 18FDC70B1E570509004688A8 /* Assets.xcassets */; };
		18FDC70F1E570509004688A8 /* LaunchScreen.storyboard in Resources */ = {isa = PBXBuildFile; fileRef = 18FDC70D1E570509004688A8 /* LaunchScreen.storyboard */; };
		18FDC71A1E57050A004688A8 /* PitchDetectionTests.m in Sources */ = {isa = PBXBuildFile; fileRef = 18FDC7191E57050A004688A8 /* PitchDetectionTests.m */; };
		18FDC7251E57050A004688A8 /* PitchDetectionUITests.m in Sources */ = {isa = PBXBuildFile; fileRef = 18FDC7241E57050A004688A8 /* PitchDetectionUITests.m */; };
		18FDC7331E57056A004688A8 /* ViewController.xib in Resources */ = {isa = PBXBuildFile; fileRef = 18FDC7321E57056A004688A8 /* ViewController.xib */; };
		18FDC7371E570706004688A8 /* CommonUtil.m in Sources */ = {isa = PBXBuildFile; fileRef = 18FDC7361E570706004688A8 /* CommonUtil.m */; };
		18FDC73A1E570AF8004688A8 /* pitch_detection.cpp in Sources */ = {isa = PBXBuildFile; fileRef = 18FDC7381E570AF8004688A8 /* pitch_detection.cpp */; };
		18FDC7541E570B06004688A8 /* c_weighting.c in Sources */ = {isa = PBXBuildFile; fileRef = 18FDC73E1E570B06004688A8 /* c_weighting.c */; };
		18FDC7551E570B06004688A8 /* cvec.c in Sources */ = {isa = PBXBuildFile; fileRef = 18FDC7411E570B06004688A8 /* cvec.c */; };
		18FDC7561E570B06004688A8 /* filter.c in Sources */ = {isa = PBXBuildFile; fileRef = 18FDC7431E570B06004688A8 /* filter.c */; };
		18FDC7571E570B06004688A8 /* fvec.c in Sources */ = {isa = PBXBuildFile; fileRef = 18FDC7451E570B06004688A8 /* fvec.c */; };
		18FDC7581E570B06004688A8 /* lvec.c in Sources */ = {isa = PBXBuildFile; fileRef = 18FDC7471E570B06004688A8 /* lvec.c */; };
		18FDC7591E570B06004688A8 /* mathutils.c in Sources */ = {isa = PBXBuildFile; fileRef = 18FDC7491E570B06004688A8 /* mathutils.c */; };
		18FDC75A1E570B06004688A8 /* pitchyinfft.cpp in Sources */ = {isa = PBXBuildFile; fileRef = 18FDC74C1E570B06004688A8 /* pitchyinfft.cpp */; };
		18FDC75B1E570B06004688A8 /* fft_wrapper.cpp in Sources */ = {isa = PBXBuildFile; fileRef = 18FDC7501E570B06004688A8 /* fft_wrapper.cpp */; };
		18FDC75C1E570B06004688A8 /* mayer_fft.cpp in Sources */ = {isa = PBXBuildFile; fileRef = 18FDC7521E570B06004688A8 /* mayer_fft.cpp */; };
		18FDC75F1E570C07004688A8 /* slide_window.cpp in Sources */ = {isa = PBXBuildFile; fileRef = 18FDC75D1E570C07004688A8 /* slide_window.cpp */; };
		18FDC7621E570D46004688A8 /* 111.pcm in Resources */ = {isa = PBXBuildFile; fileRef = 18FDC7611E570D46004688A8 /* 111.pcm */; };
/* End PBXBuildFile section */

/* Begin PBXContainerItemProxy section */
		18FDC7161E57050A004688A8 /* PBXContainerItemProxy */ = {
			isa = PBXContainerItemProxy;
			containerPortal = 18FDC6F41E570509004688A8 /* Project object */;
			proxyType = 1;
			remoteGlobalIDString = 18FDC6FB1E570509004688A8;
			remoteInfo = PitchDetection;
		};
		18FDC7211E57050A004688A8 /* PBXContainerItemProxy */ = {
			isa = PBXContainerItemProxy;
			containerPortal = 18FDC6F41E570509004688A8 /* Project object */;
			proxyType = 1;
			remoteGlobalIDString = 18FDC6FB1E570509004688A8;
			remoteInfo = PitchDetection;
		};
/* End PBXContainerItemProxy section */

/* Begin PBXFileReference section */
		18FDC6FC1E570509004688A8 /* PitchDetection.app */ = {isa = PBXFileReference; explicitFileType = wrapper.application; includeInIndex = 0; path = PitchDetection.app; sourceTree = BUILT_PRODUCTS_DIR; };
		18FDC7001E570509004688A8 /* main.m */ = {isa = PBXFileReference; lastKnownFileType = sourcecode.c.objc; path = main.m; sourceTree = "<group>"; };
		18FDC7021E570509004688A8 /* AppDelegate.h */ = {isa = PBXFileReference; lastKnownFileType = sourcecode.c.h; path = AppDelegate.h; sourceTree = "<group>"; };
		18FDC7031E570509004688A8 /* AppDelegate.m */ = {isa = PBXFileReference; lastKnownFileType = sourcecode.c.objc; path = AppDelegate.m; sourceTree = "<group>"; };
		18FDC7051E570509004688A8 /* ViewController.h */ = {isa = PBXFileReference; lastKnownFileType = sourcecode.c.h; path = ViewController.h; sourceTree = "<group>"; };
		18FDC7061E570509004688A8 /* ViewController.mm */ = {isa = PBXFileReference; lastKnownFileType = sourcecode.cpp.objcpp; path = ViewController.mm; sourceTree = "<group>"; };
		18FDC70B1E570509004688A8 /* Assets.xcassets */ = {isa = PBXFileReference; lastKnownFileType = folder.assetcatalog; path = Assets.xcassets; sourceTree = "<group>"; };
		18FDC70E1E570509004688A8 /* Base */ = {isa = PBXFileReference; lastKnownFileType = file.storyboard; name = Base; path = Base.lproj/LaunchScreen.storyboard; sourceTree = "<group>"; };
		18FDC7101E570509004688A8 /* Info.plist */ = {isa = PBXFileReference; lastKnownFileType = text.plist.xml; path = Info.plist; sourceTree = "<group>"; };
		18FDC7151E57050A004688A8 /* PitchDetectionTests.xctest */ = {isa = PBXFileReference; explicitFileType = wrapper.cfbundle; includeInIndex = 0; path = PitchDetectionTests.xctest; sourceTree = BUILT_PRODUCTS_DIR; };
		18FDC7191E57050A004688A8 /* PitchDetectionTests.m */ = {isa = PBXFileReference; lastKnownFileType = sourcecode.c.objc; path = PitchDetectionTests.m; sourceTree = "<group>"; };
		18FDC71B1E57050A004688A8 /* Info.plist */ = {isa = PBXFileReference; lastKnownFileType = text.plist.xml; path = Info.plist; sourceTree = "<group>"; };
		18FDC7201E57050A004688A8 /* PitchDetectionUITests.xctest */ = {isa = PBXFileReference; explicitFileType = wrapper.cfbundle; includeInIndex = 0; path = PitchDetectionUITests.xctest; sourceTree = BUILT_PRODUCTS_DIR; };
		18FDC7241E57050A004688A8 /* PitchDetectionUITests.m */ = {isa = PBXFileReference; lastKnownFileType = sourcecode.c.objc; path = PitchDetectionUITests.m; sourceTree = "<group>"; };
		18FDC7261E57050A004688A8 /* Info.plist */ = {isa = PBXFileReference; lastKnownFileType = text.plist.xml; path = Info.plist; sourceTree = "<group>"; };
		18FDC7321E57056A004688A8 /* ViewController.xib */ = {isa = PBXFileReference; fileEncoding = 4; lastKnownFileType = file.xib; path = ViewController.xib; sourceTree = "<group>"; };
		18FDC7351E570706004688A8 /* CommonUtil.h */ = {isa = PBXFileReference; fileEncoding = 4; lastKnownFileType = sourcecode.c.h; path = CommonUtil.h; sourceTree = "<group>"; };
		18FDC7361E570706004688A8 /* CommonUtil.m */ = {isa = PBXFileReference; fileEncoding = 4; lastKnownFileType = sourcecode.c.objc; path = CommonUtil.m; sourceTree = "<group>"; };
		18FDC7381E570AF8004688A8 /* pitch_detection.cpp */ = {isa = PBXFileReference; fileEncoding = 4; lastKnownFileType = sourcecode.cpp.cpp; path = pitch_detection.cpp; sourceTree = "<group>"; };
		18FDC7391E570AF8004688A8 /* pitch_detection.hpp */ = {isa = PBXFileReference; fileEncoding = 4; lastKnownFileType = sourcecode.cpp.h; path = pitch_detection.hpp; sourceTree = "<group>"; };
		18FDC73C1E570B06004688A8 /* aubio.h */ = {isa = PBXFileReference; fileEncoding = 4; lastKnownFileType = sourcecode.c.h; path = aubio.h; sourceTree = "<group>"; };
		18FDC73D1E570B06004688A8 /* aubio_priv.h */ = {isa = PBXFileReference; fileEncoding = 4; lastKnownFileType = sourcecode.c.h; path = aubio_priv.h; sourceTree = "<group>"; };
		18FDC73E1E570B06004688A8 /* c_weighting.c */ = {isa = PBXFileReference; fileEncoding = 4; lastKnownFileType = sourcecode.c.c; path = c_weighting.c; sourceTree = "<group>"; };
		18FDC73F1E570B06004688A8 /* c_weighting.h */ = {isa = PBXFileReference; fileEncoding = 4; lastKnownFileType = sourcecode.c.h; path = c_weighting.h; sourceTree = "<group>"; };
		18FDC7401E570B06004688A8 /* config.h */ = {isa = PBXFileReference; fileEncoding = 4; lastKnownFileType = sourcecode.c.h; path = config.h; sourceTree = "<group>"; };
		18FDC7411E570B06004688A8 /* cvec.c */ = {isa = PBXFileReference; fileEncoding = 4; lastKnownFileType = sourcecode.c.c; path = cvec.c; sourceTree = "<group>"; };
		18FDC7421E570B06004688A8 /* cvec.h */ = {isa = PBXFileReference; fileEncoding = 4; lastKnownFileType = sourcecode.c.h; path = cvec.h; sourceTree = "<group>"; };
		18FDC7431E570B06004688A8 /* filter.c */ = {isa = PBXFileReference; fileEncoding = 4; lastKnownFileType = sourcecode.c.c; path = filter.c; sourceTree = "<group>"; };
		18FDC7441E570B06004688A8 /* filter.h */ = {isa = PBXFileReference; fileEncoding = 4; lastKnownFileType = sourcecode.c.h; path = filter.h; sourceTree = "<group>"; };
		18FDC7451E570B06004688A8 /* fvec.c */ = {isa = PBXFileReference; fileEncoding = 4; lastKnownFileType = sourcecode.c.c; path = fvec.c; sourceTree = "<group>"; };
		18FDC7461E570B06004688A8 /* fvec.h */ = {isa = PBXFileReference; fileEncoding = 4; lastKnownFileType = sourcecode.c.h; path = fvec.h; sourceTree = "<group>"; };
		18FDC7471E570B06004688A8 /* lvec.c */ = {isa = PBXFileReference; fileEncoding = 4; lastKnownFileType = sourcecode.c.c; path = lvec.c; sourceTree = "<group>"; };
		18FDC7481E570B06004688A8 /* lvec.h */ = {isa = PBXFileReference; fileEncoding = 4; lastKnownFileType = sourcecode.c.h; path = lvec.h; sourceTree = "<group>"; };
		18FDC7491E570B06004688A8 /* mathutils.c */ = {isa = PBXFileReference; fileEncoding = 4; lastKnownFileType = sourcecode.c.c; path = mathutils.c; sourceTree = "<group>"; };
		18FDC74A1E570B06004688A8 /* mathutils.h */ = {isa = PBXFileReference; fileEncoding = 4; lastKnownFileType = sourcecode.c.h; path = mathutils.h; sourceTree = "<group>"; };
		18FDC74B1E570B06004688A8 /* musicutils.h */ = {isa = PBXFileReference; fileEncoding = 4; lastKnownFileType = sourcecode.c.h; path = musicutils.h; sourceTree = "<group>"; };
		18FDC74C1E570B06004688A8 /* pitchyinfft.cpp */ = {isa = PBXFileReference; fileEncoding = 4; lastKnownFileType = sourcecode.cpp.cpp; path = pitchyinfft.cpp; sourceTree = "<group>"; };
		18FDC74D1E570B06004688A8 /* pitchyinfft.h */ = {isa = PBXFileReference; fileEncoding = 4; lastKnownFileType = sourcecode.c.h; path = pitchyinfft.h; sourceTree = "<group>"; };
		18FDC74E1E570B06004688A8 /* types.h */ = {isa = PBXFileReference; fileEncoding = 4; lastKnownFileType = sourcecode.c.h; path = types.h; sourceTree = "<group>"; };
		18FDC7501E570B06004688A8 /* fft_wrapper.cpp */ = {isa = PBXFileReference; fileEncoding = 4; lastKnownFileType = sourcecode.cpp.cpp; path = fft_wrapper.cpp; sourceTree = "<group>"; };
		18FDC7511E570B06004688A8 /* fft_wrapper.hpp */ = {isa = PBXFileReference; fileEncoding = 4; lastKnownFileType = sourcecode.cpp.h; path = fft_wrapper.hpp; sourceTree = "<group>"; };
		18FDC7521E570B06004688A8 /* mayer_fft.cpp */ = {isa = PBXFileReference; fileEncoding = 4; lastKnownFileType = sourcecode.cpp.cpp; path = mayer_fft.cpp; sourceTree = "<group>"; };
		18FDC7531E570B06004688A8 /* mayer_fft.h */ = {isa = PBXFileReference; fileEncoding = 4; lastKnownFileType = sourcecode.c.h; path = mayer_fft.h; sourceTree = "<group>"; };
		18FDC75D1E570C07004688A8 /* slide_window.cpp */ = {isa = PBXFileReference; fileEncoding = 4; lastKnownFileType = sourcecode.cpp.cpp; path = slide_window.cpp; sourceTree = "<group>"; };
		18FDC75E1E570C07004688A8 /* slide_window.hpp */ = {isa = PBXFileReference; fileEncoding = 4; lastKnownFileType = sourcecode.cpp.h; path = slide_window.hpp; sourceTree = "<group>"; };
		18FDC7611E570D46004688A8 /* 111.pcm */ = {isa = PBXFileReference; lastKnownFileType = file; path = 111.pcm; sourceTree = "<group>"; };
/* End PBXFileReference section */

/* Begin PBXFrameworksBuildPhase section */
		18FDC6F91E570509004688A8 /* Frameworks */ = {
			isa = PBXFrameworksBuildPhase;
			buildActionMask = 2147483647;
			files = (
			);
			runOnlyForDeploymentPostprocessing = 0;
		};
		18FDC7121E57050A004688A8 /* Frameworks */ = {
			isa = PBXFrameworksBuildPhase;
			buildActionMask = 2147483647;
			files = (
			);
			runOnlyForDeploymentPostprocessing = 0;
		};
		18FDC71D1E57050A004688A8 /* Frameworks */ = {
			isa = PBXFrameworksBuildPhase;
			buildActionMask = 2147483647;
			files = (
			);
			runOnlyForDeploymentPostprocessing = 0;
		};
/* End PBXFrameworksBuildPhase section */

/* Begin PBXGroup section */
		18FDC6F31E570508004688A8 = {
			isa = PBXGroup;
			children = (
				18FDC6FE1E570509004688A8 /* PitchDetection */,
				18FDC7181E57050A004688A8 /* PitchDetectionTests */,
				18FDC7231E57050A004688A8 /* PitchDetectionUITests */,
				18FDC6FD1E570509004688A8 /* Products */,
			);
			sourceTree = "<group>";
		};
		18FDC6FD1E570509004688A8 /* Products */ = {
			isa = PBXGroup;
			children = (
				18FDC6FC1E570509004688A8 /* PitchDetection.app */,
				18FDC7151E57050A004688A8 /* PitchDetectionTests.xctest */,
				18FDC7201E57050A004688A8 /* PitchDetectionUITests.xctest */,
			);
			name = Products;
			sourceTree = "<group>";
		};
		18FDC6FE1E570509004688A8 /* PitchDetection */ = {
			isa = PBXGroup;
			children = (
				18FDC7601E570D46004688A8 /* resource */,
				18FDC73B1E570B06004688A8 /* aubio */,
				18FDC74F1E570B06004688A8 /* fft */,
				18FDC7381E570AF8004688A8 /* pitch_detection.cpp */,
				18FDC7391E570AF8004688A8 /* pitch_detection.hpp */,
				18FDC7341E570706004688A8 /* utils */,
				18FDC7021E570509004688A8 /* AppDelegate.h */,
				18FDC7031E570509004688A8 /* AppDelegate.m */,
				18FDC7051E570509004688A8 /* ViewController.h */,
				18FDC7061E570509004688A8 /* ViewController.mm */,
				18FDC70B1E570509004688A8 /* Assets.xcassets */,
				18FDC70D1E570509004688A8 /* LaunchScreen.storyboard */,
				18FDC7101E570509004688A8 /* Info.plist */,
				18FDC6FF1E570509004688A8 /* Supporting Files */,
				18FDC7321E57056A004688A8 /* ViewController.xib */,
			);
			path = PitchDetection;
			sourceTree = "<group>";
		};
		18FDC6FF1E570509004688A8 /* Supporting Files */ = {
			isa = PBXGroup;
			children = (
				18FDC7001E570509004688A8 /* main.m */,
			);
			name = "Supporting Files";
			sourceTree = "<group>";
		};
		18FDC7181E57050A004688A8 /* PitchDetectionTests */ = {
			isa = PBXGroup;
			children = (
				18FDC7191E57050A004688A8 /* PitchDetectionTests.m */,
				18FDC71B1E57050A004688A8 /* Info.plist */,
			);
			path = PitchDetectionTests;
			sourceTree = "<group>";
		};
		18FDC7231E57050A004688A8 /* PitchDetectionUITests */ = {
			isa = PBXGroup;
			children = (
				18FDC7241E57050A004688A8 /* PitchDetectionUITests.m */,
				18FDC7261E57050A004688A8 /* Info.plist */,
			);
			path = PitchDetectionUITests;
			sourceTree = "<group>";
		};
		18FDC7341E570706004688A8 /* utils */ = {
			isa = PBXGroup;
			children = (
				18FDC7351E570706004688A8 /* CommonUtil.h */,
				18FDC7361E570706004688A8 /* CommonUtil.m */,
			);
			path = utils;
			sourceTree = "<group>";
		};
		18FDC73B1E570B06004688A8 /* aubio */ = {
			isa = PBXGroup;
			children = (
				18FDC73C1E570B06004688A8 /* aubio.h */,
				18FDC73D1E570B06004688A8 /* aubio_priv.h */,
				18FDC73E1E570B06004688A8 /* c_weighting.c */,
				18FDC73F1E570B06004688A8 /* c_weighting.h */,
				18FDC7401E570B06004688A8 /* config.h */,
				18FDC7411E570B06004688A8 /* cvec.c */,
				18FDC7421E570B06004688A8 /* cvec.h */,
				18FDC7431E570B06004688A8 /* filter.c */,
				18FDC7441E570B06004688A8 /* filter.h */,
				18FDC7451E570B06004688A8 /* fvec.c */,
				18FDC7461E570B06004688A8 /* fvec.h */,
				18FDC7471E570B06004688A8 /* lvec.c */,
				18FDC7481E570B06004688A8 /* lvec.h */,
				18FDC7491E570B06004688A8 /* mathutils.c */,
				18FDC74A1E570B06004688A8 /* mathutils.h */,
				18FDC74B1E570B06004688A8 /* musicutils.h */,
				18FDC74C1E570B06004688A8 /* pitchyinfft.cpp */,
				18FDC74D1E570B06004688A8 /* pitchyinfft.h */,
				18FDC74E1E570B06004688A8 /* types.h */,
			);
			path = aubio;
			sourceTree = "<group>";
		};
		18FDC74F1E570B06004688A8 /* fft */ = {
			isa = PBXGroup;
			children = (
				18FDC75D1E570C07004688A8 /* slide_window.cpp */,
				18FDC75E1E570C07004688A8 /* slide_window.hpp */,
				18FDC7501E570B06004688A8 /* fft_wrapper.cpp */,
				18FDC7511E570B06004688A8 /* fft_wrapper.hpp */,
				18FDC7521E570B06004688A8 /* mayer_fft.cpp */,
				18FDC7531E570B06004688A8 /* mayer_fft.h */,
			);
			path = fft;
			sourceTree = "<group>";
		};
		18FDC7601E570D46004688A8 /* resource */ = {
			isa = PBXGroup;
			children = (
				18FDC7611E570D46004688A8 /* 111.pcm */,
			);
			path = resource;
			sourceTree = "<group>";
		};
/* End PBXGroup section */

/* Begin PBXNativeTarget section */
		18FDC6FB1E570509004688A8 /* PitchDetection */ = {
			isa = PBXNativeTarget;
			buildConfigurationList = 18FDC7291E57050A004688A8 /* Build configuration list for PBXNativeTarget "PitchDetection" */;
			buildPhases = (
				18FDC6F81E570509004688A8 /* Sources */,
				18FDC6F91E570509004688A8 /* Frameworks */,
				18FDC6FA1E570509004688A8 /* Resources */,
			);
			buildRules = (
			);
			dependencies = (
			);
			name = PitchDetection;
			productName = PitchDetection;
			productReference = 18FDC6FC1E570509004688A8 /* PitchDetection.app */;
			productType = "com.apple.product-type.application";
		};
		18FDC7141E57050A004688A8 /* PitchDetectionTests */ = {
			isa = PBXNativeTarget;
			buildConfigurationList = 18FDC72C1E57050A004688A8 /* Build configuration list for PBXNativeTarget "PitchDetectionTests" */;
			buildPhases = (
				18FDC7111E57050A004688A8 /* Sources */,
				18FDC7121E57050A004688A8 /* Frameworks */,
				18FDC7131E57050A004688A8 /* Resources */,
			);
			buildRules = (
			);
			dependencies = (
				18FDC7171E57050A004688A8 /* PBXTargetDependency */,
			);
			name = PitchDetectionTests;
			productName = PitchDetectionTests;
			productReference = 18FDC7151E57050A004688A8 /* PitchDetectionTests.xctest */;
			productType = "com.apple.product-type.bundle.unit-test";
		};
		18FDC71F1E57050A004688A8 /* PitchDetectionUITests */ = {
			isa = PBXNativeTarget;
			buildConfigurationList = 18FDC72F1E57050A004688A8 /* Build configuration list for PBXNativeTarget "PitchDetectionUITests" */;
			buildPhases = (
				18FDC71C1E57050A004688A8 /* Sources */,
				18FDC71D1E57050A004688A8 /* Frameworks */,
				18FDC71E1E57050A004688A8 /* Resources */,
			);
			buildRules = (
			);
			dependencies = (
				18FDC7221E57050A004688A8 /* PBXTargetDependency */,
			);
			name = PitchDetectionUITests;
			productName = PitchDetectionUITests;
			productReference = 18FDC7201E57050A004688A8 /* PitchDetectionUITests.xctest */;
			productType = "com.apple.product-type.bundle.ui-testing";
		};
/* End PBXNativeTarget section */

/* Begin PBXProject section */
		18FDC6F41E570509004688A8 /* Project object */ = {
			isa = PBXProject;
			attributes = {
				LastUpgradeCheck = 0820;
				ORGANIZATIONNAME = xiaokai.zhan;
				TargetAttributes = {
					18FDC6FB1E570509004688A8 = {
						CreatedOnToolsVersion = 8.2.1;
						DevelopmentTeam = MY5GTD35UJ;
						ProvisioningStyle = Automatic;
					};
					18FDC7141E57050A004688A8 = {
						CreatedOnToolsVersion = 8.2.1;
						DevelopmentTeam = MY5GTD35UJ;
						ProvisioningStyle = Automatic;
						TestTargetID = 18FDC6FB1E570509004688A8;
					};
					18FDC71F1E57050A004688A8 = {
						CreatedOnToolsVersion = 8.2.1;
						DevelopmentTeam = MY5GTD35UJ;
						ProvisioningStyle = Automatic;
						TestTargetID = 18FDC6FB1E570509004688A8;
					};
				};
			};
			buildConfigurationList = 18FDC6F71E570509004688A8 /* Build configuration list for PBXProject "PitchDetection" */;
			compatibilityVersion = "Xcode 3.2";
			developmentRegion = English;
			hasScannedForEncodings = 0;
			knownRegions = (
				en,
				Base,
			);
			mainGroup = 18FDC6F31E570508004688A8;
			productRefGroup = 18FDC6FD1E570509004688A8 /* Products */;
			projectDirPath = "";
			projectRoot = "";
			targets = (
				18FDC6FB1E570509004688A8 /* PitchDetection */,
				18FDC7141E57050A004688A8 /* PitchDetectionTests */,
				18FDC71F1E57050A004688A8 /* PitchDetectionUITests */,
			);
		};
/* End PBXProject section */

/* Begin PBXResourcesBuildPhase section */
		18FDC6FA1E570509004688A8 /* Resources */ = {
			isa = PBXResourcesBuildPhase;
			buildActionMask = 2147483647;
			files = (
				18FDC7621E570D46004688A8 /* 111.pcm in Resources */,
				18FDC70F1E570509004688A8 /* LaunchScreen.storyboard in Resources */,
				18FDC7331E57056A004688A8 /* ViewController.xib in Resources */,
				18FDC70C1E570509004688A8 /* Assets.xcassets in Resources */,
			);
			runOnlyForDeploymentPostprocessing = 0;
		};
		18FDC7131E57050A004688A8 /* Resources */ = {
			isa = PBXResourcesBuildPhase;
			buildActionMask = 2147483647;
			files = (
			);
			runOnlyForDeploymentPostprocessing = 0;
		};
		18FDC71E1E57050A004688A8 /* Resources */ = {
			isa = PBXResourcesBuildPhase;
			buildActionMask = 2147483647;
			files = (
			);
			runOnlyForDeploymentPostprocessing = 0;
		};
/* End PBXResourcesBuildPhase section */

/* Begin PBXSourcesBuildPhase section */
		18FDC6F81E570509004688A8 /* Sources */ = {
			isa = PBXSourcesBuildPhase;
			buildActionMask = 2147483647;
			files = (
				18FDC73A1E570AF8004688A8 /* pitch_detection.cpp in Sources */,
				18FDC7071E570509004688A8 /* ViewController.mm in Sources */,
				18FDC7541E570B06004688A8 /* c_weighting.c in Sources */,
				18FDC75B1E570B06004688A8 /* fft_wrapper.cpp in Sources */,
				18FDC7041E570509004688A8 /* AppDelegate.m in Sources */,
				18FDC75C1E570B06004688A8 /* mayer_fft.cpp in Sources */,
				18FDC75A1E570B06004688A8 /* pitchyinfft.cpp in Sources */,
				18FDC7371E570706004688A8 /* CommonUtil.m in Sources */,
				18FDC7591E570B06004688A8 /* mathutils.c in Sources */,
				18FDC7581E570B06004688A8 /* lvec.c in Sources */,
				18FDC7011E570509004688A8 /* main.m in Sources */,
				18FDC75F1E570C07004688A8 /* slide_window.cpp in Sources */,
				18FDC7551E570B06004688A8 /* cvec.c in Sources */,
				18FDC7561E570B06004688A8 /* filter.c in Sources */,
				18FDC7571E570B06004688A8 /* fvec.c in Sources */,
			);
			runOnlyForDeploymentPostprocessing = 0;
		};
		18FDC7111E57050A004688A8 /* Sources */ = {
			isa = PBXSourcesBuildPhase;
			buildActionMask = 2147483647;
			files = (
				18FDC71A1E57050A004688A8 /* PitchDetectionTests.m in Sources */,
			);
			runOnlyForDeploymentPostprocessing = 0;
		};
		18FDC71C1E57050A004688A8 /* Sources */ = {
			isa = PBXSourcesBuildPhase;
			buildActionMask = 2147483647;
			files = (
				18FDC7251E57050A004688A8 /* PitchDetectionUITests.m in Sources */,
			);
			runOnlyForDeploymentPostprocessing = 0;
		};
/* End PBXSourcesBuildPhase section */

/* Begin PBXTargetDependency section */
		18FDC7171E57050A004688A8 /* PBXTargetDependency */ = {
			isa = PBXTargetDependency;
			target = 18FDC6FB1E570509004688A8 /* PitchDetection */;
			targetProxy = 18FDC7161E57050A004688A8 /* PBXContainerItemProxy */;
		};
		18FDC7221E57050A004688A8 /* PBXTargetDependency */ = {
			isa = PBXTargetDependency;
			target = 18FDC6FB1E570509004688A8 /* PitchDetection */;
			targetProxy = 18FDC7211E57050A004688A8 /* PBXContainerItemProxy */;
		};
/* End PBXTargetDependency section */

/* Begin PBXVariantGroup section */
		18FDC70D1E570509004688A8 /* LaunchScreen.storyboard */ = {
			isa = PBXVariantGroup;
			children = (
				18FDC70E1E570509004688A8 /* Base */,
			);
			name = LaunchScreen.storyboard;
			sourceTree = "<group>";
		};
/* End PBXVariantGroup section */

/* Begin XCBuildConfiguration section */
		18FDC7271E57050A004688A8 /* Debug */ = {
			isa = XCBuildConfiguration;
			buildSettings = {
				ALWAYS_SEARCH_USER_PATHS = NO;
				CLANG_ANALYZER_NONNULL = YES;
				CLANG_CXX_LANGUAGE_STANDARD = "gnu++0x";
				CLANG_CXX_LIBRARY = "libc++";
				CLANG_ENABLE_MODULES = YES;
				CLANG_ENABLE_OBJC_ARC = YES;
				CLANG_WARN_BOOL_CONVERSION = YES;
				CLANG_WARN_CONSTANT_CONVERSION = YES;
				CLANG_WARN_DIRECT_OBJC_ISA_USAGE = YES_ERROR;
				CLANG_WARN_DOCUMENTATION_COMMENTS = YES;
				CLANG_WARN_EMPTY_BODY = YES;
				CLANG_WARN_ENUM_CONVERSION = YES;
				CLANG_WARN_INFINITE_RECURSION = YES;
				CLANG_WARN_INT_CONVERSION = YES;
				CLANG_WARN_OBJC_ROOT_CLASS = YES_ERROR;
				CLANG_WARN_SUSPICIOUS_MOVE = YES;
				CLANG_WARN_UNREACHABLE_CODE = YES;
				CLANG_WARN__DUPLICATE_METHOD_MATCH = YES;
				"CODE_SIGN_IDENTITY[sdk=iphoneos*]" = "iPhone Developer";
				COPY_PHASE_STRIP = NO;
				DEBUG_INFORMATION_FORMAT = dwarf;
				ENABLE_STRICT_OBJC_MSGSEND = YES;
				ENABLE_TESTABILITY = YES;
				GCC_C_LANGUAGE_STANDARD = gnu99;
				GCC_DYNAMIC_NO_PIC = NO;
				GCC_NO_COMMON_BLOCKS = YES;
				GCC_OPTIMIZATION_LEVEL = 0;
				GCC_PREPROCESSOR_DEFINITIONS = (
					"DEBUG=1",
					"$(inherited)",
				);
				GCC_WARN_64_TO_32_BIT_CONVERSION = YES;
				GCC_WARN_ABOUT_RETURN_TYPE = YES_ERROR;
				GCC_WARN_UNDECLARED_SELECTOR = YES;
				GCC_WARN_UNINITIALIZED_AUTOS = YES_AGGRESSIVE;
				GCC_WARN_UNUSED_FUNCTION = YES;
				GCC_WARN_UNUSED_VARIABLE = YES;
				IPHONEOS_DEPLOYMENT_TARGET = 10.2;
				MTL_ENABLE_DEBUG_INFO = YES;
				ONLY_ACTIVE_ARCH = YES;
				SDKROOT = iphoneos;
			};
			name = Debug;
		};
		18FDC7281E57050A004688A8 /* Release */ = {
			isa = XCBuildConfiguration;
			buildSettings = {
				ALWAYS_SEARCH_USER_PATHS = NO;
				CLANG_ANALYZER_NONNULL = YES;
				CLANG_CXX_LANGUAGE_STANDARD = "gnu++0x";
				CLANG_CXX_LIBRARY = "libc++";
				CLANG_ENABLE_MODULES = YES;
				CLANG_ENABLE_OBJC_ARC = YES;
				CLANG_WARN_BOOL_CONVERSION = YES;
				CLANG_WARN_CONSTANT_CONVERSION = YES;
				CLANG_WARN_DIRECT_OBJC_ISA_USAGE = YES_ERROR;
				CLANG_WARN_DOCUMENTATION_COMMENTS = YES;
				CLANG_WARN_EMPTY_BODY = YES;
				CLANG_WARN_ENUM_CONVERSION = YES;
				CLANG_WARN_INFINITE_RECURSION = YES;
				CLANG_WARN_INT_CONVERSION = YES;
				CLANG_WARN_OBJC_ROOT_CLASS = YES_ERROR;
				CLANG_WARN_SUSPICIOUS_MOVE = YES;
				CLANG_WARN_UNREACHABLE_CODE = YES;
				CLANG_WARN__DUPLICATE_METHOD_MATCH = YES;
				"CODE_SIGN_IDENTITY[sdk=iphoneos*]" = "iPhone Developer";
				COPY_PHASE_STRIP = NO;
				DEBUG_INFORMATION_FORMAT = "dwarf-with-dsym";
				ENABLE_NS_ASSERTIONS = NO;
				ENABLE_STRICT_OBJC_MSGSEND = YES;
				GCC_C_LANGUAGE_STANDARD = gnu99;
				GCC_NO_COMMON_BLOCKS = YES;
				GCC_WARN_64_TO_32_BIT_CONVERSION = YES;
				GCC_WARN_ABOUT_RETURN_TYPE = YES_ERROR;
				GCC_WARN_UNDECLARED_SELECTOR = YES;
				GCC_WARN_UNINITIALIZED_AUTOS = YES_AGGRESSIVE;
				GCC_WARN_UNUSED_FUNCTION = YES;
				GCC_WARN_UNUSED_VARIABLE = YES;
				IPHONEOS_DEPLOYMENT_TARGET = 10.2;
				MTL_ENABLE_DEBUG_INFO = NO;
				SDKROOT = iphoneos;
				VALIDATE_PRODUCT = YES;
			};
			name = Release;
		};
		18FDC72A1E57050A004688A8 /* Debug */ = {
			isa = XCBuildConfiguration;
			buildSettings = {
				ASSETCATALOG_COMPILER_APPICON_NAME = AppIcon;
				DEVELOPMENT_TEAM = MY5GTD35UJ;
				INFOPLIST_FILE = PitchDetection/Info.plist;
				IPHONEOS_DEPLOYMENT_TARGET = 8.0;
				LD_RUNPATH_SEARCH_PATHS = "$(inherited) @executable_path/Frameworks";
				PRODUCT_BUNDLE_IDENTIFIER = com.phuket.tour.audiotoolbox.encoder.AudioRecorder;
				PRODUCT_NAME = "$(TARGET_NAME)";
			};
			name = Debug;
		};
		18FDC72B1E57050A004688A8 /* Release */ = {
			isa = XCBuildConfiguration;
			buildSettings = {
				ASSETCATALOG_COMPILER_APPICON_NAME = AppIcon;
				DEVELOPMENT_TEAM = MY5GTD35UJ;
				INFOPLIST_FILE = PitchDetection/Info.plist;
				IPHONEOS_DEPLOYMENT_TARGET = 8.0;
				LD_RUNPATH_SEARCH_PATHS = "$(inherited) @executable_path/Frameworks";
				PRODUCT_BUNDLE_IDENTIFIER = com.phuket.tour.audiotoolbox.encoder.AudioRecorder;
				PRODUCT_NAME = "$(TARGET_NAME)";
			};
			name = Release;
		};
		18FDC72D1E57050A004688A8 /* Debug */ = {
			isa = XCBuildConfiguration;
			buildSettings = {
				BUNDLE_LOADER = "$(TEST_HOST)";
				DEVELOPMENT_TEAM = MY5GTD35UJ;
				INFOPLIST_FILE = PitchDetectionTests/Info.plist;
				LD_RUNPATH_SEARCH_PATHS = "$(inherited) @executable_path/Frameworks @loader_path/Frameworks";
				PRODUCT_BUNDLE_IDENTIFIER = com.phuket.tour.audiotoolbox.encoder.PitchDetectionTests;
				PRODUCT_NAME = "$(TARGET_NAME)";
				TEST_HOST = "$(BUILT_PRODUCTS_DIR)/PitchDetection.app/PitchDetection";
			};
			name = Debug;
		};
		18FDC72E1E57050A004688A8 /* Release */ = {
			isa = XCBuildConfiguration;
			buildSettings = {
				BUNDLE_LOADER = "$(TEST_HOST)";
				DEVELOPMENT_TEAM = MY5GTD35UJ;
				INFOPLIST_FILE = PitchDetectionTests/Info.plist;
				LD_RUNPATH_SEARCH_PATHS = "$(inherited) @executable_path/Frameworks @loader_path/Frameworks";
				PRODUCT_BUNDLE_IDENTIFIER = com.phuket.tour.audiotoolbox.encoder.PitchDetectionTests;
				PRODUCT_NAME = "$(TARGET_NAME)";
				TEST_HOST = "$(BUILT_PRODUCTS_DIR)/PitchDetection.app/PitchDetection";
			};
			name = Release;
		};
		18FDC7301E57050A004688A8 /* Debug */ = {
			isa = XCBuildConfiguration;
			buildSettings = {
				DEVELOPMENT_TEAM = MY5GTD35UJ;
				INFOPLIST_FILE = PitchDetectionUITests/Info.plist;
				LD_RUNPATH_SEARCH_PATHS = "$(inherited) @executable_path/Frameworks @loader_path/Frameworks";
				PRODUCT_BUNDLE_IDENTIFIER = com.phuket.tour.audiotoolbox.encoder.PitchDetectionUITests;
				PRODUCT_NAME = "$(TARGET_NAME)";
				TEST_TARGET_NAME = PitchDetection;
			};
			name = Debug;
		};
		18FDC7311E57050A004688A8 /* Release */ = {
			isa = XCBuildConfiguration;
			buildSettings = {
				DEVELOPMENT_TEAM = MY5GTD35UJ;
				INFOPLIST_FILE = PitchDetectionUITests/Info.plist;
				LD_RUNPATH_SEARCH_PATHS = "$(inherited) @executable_path/Frameworks @loader_path/Frameworks";
				PRODUCT_BUNDLE_IDENTIFIER = com.phuket.tour.audiotoolbox.encoder.PitchDetectionUITests;
				PRODUCT_NAME = "$(TARGET_NAME)";
				TEST_TARGET_NAME = PitchDetection;
			};
			name = Release;
		};
/* End XCBuildConfiguration section */

/* Begin XCConfigurationList section */
		18FDC6F71E570509004688A8 /* Build configuration list for PBXProject "PitchDetection" */ = {
			isa = XCConfigurationList;
			buildConfigurations = (
				18FDC7271E57050A004688A8 /* Debug */,
				18FDC7281E57050A004688A8 /* Release */,
			);
			defaultConfigurationIsVisible = 0;
			defaultConfigurationName = Release;
		};
		18FDC7291E57050A004688A8 /* Build configuration list for PBXNativeTarget "PitchDetection" */ = {
			isa = XCConfigurationList;
			buildConfigurations = (
				18FDC72A1E57050A004688A8 /* Debug */,
				18FDC72B1E57050A004688A8 /* Release */,
			);
			defaultConfigurationIsVisible = 0;
		};
		18FDC72C1E57050A004688A8 /* Build configuration list for PBXNativeTarget "PitchDetectionTests" */ = {
			isa = XCConfigurationList;
			buildConfigurations = (
				18FDC72D1E57050A004688A8 /* Debug */,
				18FDC72E1E57050A004688A8 /* Release */,
			);
			defaultConfigurationIsVisible = 0;
		};
		18FDC72F1E57050A004688A8 /* Build configuration list for PBXNativeTarget "PitchDetectionUITests" */ = {
			isa = XCConfigurationList;
			buildConfigurations = (
				18FDC7301E57050A004688A8 /* Debug */,
				18FDC7311E57050A004688A8 /* Release */,
			);
			defaultConfigurationIsVisible = 0;
		};
/* End XCConfigurationList section */
	};
	rootObject = 18FDC6F41E570509004688A8 /* Project object */;
}
